
Microsoft Visual Studio Solution File, Format Version 12.00
# Visual Studio Version 17
VisualStudioVersion = 17.1.32210.238
MinimumVisualStudioVersion = 10.0.40219.1
Project("{9A19103F-16F7-4668-BE54-9A1E7A4F7556}") = "CharactersWebAPI", "CharactersWebAPI.csproj", "{6AA13DE5-A6A1-43A0-BB1F-89DB5A4D026E}"
EndProject
Global
	GlobalSection(SolutionConfigurationPlatforms) = preSolution
		Debug|Any CPU = Debug|Any CPU
		Release|Any CPU = Release|Any CPU
	EndGlobalSection
	GlobalSection(ProjectConfigurationPlatforms) = postSolution
		{6AA13DE5-A6A1-43A0-BB1F-89DB5A4D026E}.Debug|Any CPU.ActiveCfg = Debug|Any CPU
		{6AA13DE5-A6A1-43A0-BB1F-89DB5A4D026E}.Debug|Any CPU.Build.0 = Debug|Any CPU
		{6AA13DE5-A6A1-43A0-BB1F-89DB5A4D026E}.Release|Any CPU.ActiveCfg = Release|Any CPU
		{6AA13DE5-A6A1-43A0-BB1F-89DB5A4D026E}.Release|Any CPU.Build.0 = Release|Any CPU
	EndGlobalSection
	GlobalSection(SolutionProperties) = preSolution
		HideSolutionNode = FALSE
	EndGlobalSection
	GlobalSection(ExtensibilityGlobals) = postSolution
		SolutionGuid = {042174C2-0FB7-41EB-9754-A86B97875307}
	EndGlobalSection
EndGlobal
